
Microsoft Visual Studio Solution File, Format Version 12.00
# Visual Studio Version 16
VisualStudioVersion = 16.0.30204.135
MinimumVisualStudioVersion = 10.0.40219.1
Project("{FAE04EC0-301F-11D3-BF4B-00C04F79EFBC}") = "Oef01", "Oef01.csproj", "{B721D14C-777B-4E88-B644-6F4C48C30E7C}"
EndProject
Project("{FAE04EC0-301F-11D3-BF4B-00C04F79EFBC}") = "Oef02", "..\Oef02\Oef02.csproj", "{8321BDE5-3247-488C-B865-E67721EC99F5}"
EndProject
Project("{FAE04EC0-301F-11D3-BF4B-00C04F79EFBC}") = "Oef03", "..\Oef03\Oef03.csproj", "{B89DBBF3-293D-4948-8738-B3BE122CBCAC}"
EndProject
Project("{FAE04EC0-301F-11D3-BF4B-00C04F79EFBC}") = "Oef04", "..\Oef04\Oef04.csproj", "{CBB697CE-894F-44DA-99EB-BD724F8E6791}"
EndProject
Project("{FAE04EC0-301F-11D3-BF4B-00C04F79EFBC}") = "Oef05", "..\Oef05\Oef05.csproj", "{567EC98A-0144-419A-9BF2-5A5A2405F45C}"
EndProject
Project("{FAE04EC0-301F-11D3-BF4B-00C04F79EFBC}") = "Oef06", "..\Oef06\Oef06.csproj", "{C02853DF-BA95-4005-90C0-B1500AF14229}"
EndProject
Project("{FAE04EC0-301F-11D3-BF4B-00C04F79EFBC}") = "Oef07", "..\Oef07\Oef07.csproj", "{2598A4F7-EDBF-490A-880C-B23AB039A02B}"
EndProject
Project("{FAE04EC0-301F-11D3-BF4B-00C04F79EFBC}") = "Oef08", "..\Oef08\Oef08.csproj", "{8FDCD9F4-202C-44D7-A30E-AA29F236B5C8}"
EndProject
Project("{FAE04EC0-301F-11D3-BF4B-00C04F79EFBC}") = "Oef09", "..\Oef09\Oef09.csproj", "{C98BF841-B0AB-420C-82AC-51A95A296CE2}"
EndProject
Project("{FAE04EC0-301F-11D3-BF4B-00C04F79EFBC}") = "Oef10", "..\Oef10\Oef10.csproj", "{998EDE66-97AA-4720-92B5-52B597F41A62}"
EndProject
Project("{FAE04EC0-301F-11D3-BF4B-00C04F79EFBC}") = "Oef11", "..\Oef11\Oef11.csproj", "{F8C12520-1D6C-4FB9-B8EC-50FB85E0C237}"
EndProject
Project("{FAE04EC0-301F-11D3-BF4B-00C04F79EFBC}") = "Oef12", "..\Oef12\Oef12.csproj", "{95153673-F349-44E2-BC0C-8B55B481CC6E}"
EndProject
Project("{FAE04EC0-301F-11D3-BF4B-00C04F79EFBC}") = "Oef13", "..\Oef13\Oef13.csproj", "{836C15E4-02A3-4AF4-92F8-52AA675067D0}"
EndProject
Project("{FAE04EC0-301F-11D3-BF4B-00C04F79EFBC}") = "Oef14", "..\Oef14\Oef14.csproj", "{10F6B79A-3B31-44F6-B486-6353B7067575}"
EndProject
Project("{FAE04EC0-301F-11D3-BF4B-00C04F79EFBC}") = "Oef15", "..\Oef15\Oef15.csproj", "{AF7A6FB3-704C-4F26-8A13-4434A5E01138}"
EndProject
Project("{FAE04EC0-301F-11D3-BF4B-00C04F79EFBC}") = "Oef16", "..\Oef16\Oef16.csproj", "{5B3B50BC-B1B3-465F-9AA1-F1CCD91273B8}"
EndProject
Project("{FAE04EC0-301F-11D3-BF4B-00C04F79EFBC}") = "Steam Client", "..\Stream Client\Steam Client.csproj", "{56E060BF-073C-480A-8E39-A4C60C802E4B}"
EndProject
Global
	GlobalSection(SolutionConfigurationPlatforms) = preSolution
		Debug|Any CPU = Debug|Any CPU
		Release|Any CPU = Release|Any CPU
	EndGlobalSection
	GlobalSection(ProjectConfigurationPlatforms) = postSolution
		{B721D14C-777B-4E88-B644-6F4C48C30E7C}.Debug|Any CPU.ActiveCfg = Debug|Any CPU
		{B721D14C-777B-4E88-B644-6F4C48C30E7C}.Debug|Any CPU.Build.0 = Debug|Any CPU
		{B721D14C-777B-4E88-B644-6F4C48C30E7C}.Release|Any CPU.ActiveCfg = Release|Any CPU
		{B721D14C-777B-4E88-B644-6F4C48C30E7C}.Release|Any CPU.Build.0 = Release|Any CPU
		{8321BDE5-3247-488C-B865-E67721EC99F5}.Debug|Any CPU.ActiveCfg = Debug|Any CPU
		{8321BDE5-3247-488C-B865-E67721EC99F5}.Debug|Any CPU.Build.0 = Debug|Any CPU
		{8321BDE5-3247-488C-B865-E67721EC99F5}.Release|Any CPU.ActiveCfg = Release|Any CPU
		{8321BDE5-3247-488C-B865-E67721EC99F5}.Release|Any CPU.Build.0 = Release|Any CPU
		{B89DBBF3-293D-4948-8738-B3BE122CBCAC}.Debug|Any CPU.ActiveCfg = Debug|Any CPU
		{B89DBBF3-293D-4948-8738-B3BE122CBCAC}.Debug|Any CPU.Build.0 = Debug|Any CPU
		{B89DBBF3-293D-4948-8738-B3BE122CBCAC}.Release|Any CPU.ActiveCfg = Release|Any CPU
		{B89DBBF3-293D-4948-8738-B3BE122CBCAC}.Release|Any CPU.Build.0 = Release|Any CPU
		{CBB697CE-894F-44DA-99EB-BD724F8E6791}.Debug|Any CPU.ActiveCfg = Debug|Any CPU
		{CBB697CE-894F-44DA-99EB-BD724F8E6791}.Debug|Any CPU.Build.0 = Debug|Any CPU
		{CBB697CE-894F-44DA-99EB-BD724F8E6791}.Release|Any CPU.ActiveCfg = Release|Any CPU
		{CBB697CE-894F-44DA-99EB-BD724F8E6791}.Release|Any CPU.Build.0 = Release|Any CPU
		{567EC98A-0144-419A-9BF2-5A5A2405F45C}.Debug|Any CPU.ActiveCfg = Debug|Any CPU
		{567EC98A-0144-419A-9BF2-5A5A2405F45C}.Debug|Any CPU.Build.0 = Debug|Any CPU
		{567EC98A-0144-419A-9BF2-5A5A2405F45C}.Release|Any CPU.ActiveCfg = Release|Any CPU
		{567EC98A-0144-419A-9BF2-5A5A2405F45C}.Release|Any CPU.Build.0 = Release|Any CPU
		{C02853DF-BA95-4005-90C0-B1500AF14229}.Debug|Any CPU.ActiveCfg = Debug|Any CPU
		{C02853DF-BA95-4005-90C0-B1500AF14229}.Debug|Any CPU.Build.0 = Debug|Any CPU
		{C02853DF-BA95-4005-90C0-B1500AF14229}.Release|Any CPU.ActiveCfg = Release|Any CPU
		{C02853DF-BA95-4005-90C0-B1500AF14229}.Release|Any CPU.Build.0 = Release|Any CPU
		{2598A4F7-EDBF-490A-880C-B23AB039A02B}.Debug|Any CPU.ActiveCfg = Debug|Any CPU
		{2598A4F7-EDBF-490A-880C-B23AB039A02B}.Debug|Any CPU.Build.0 = Debug|Any CPU
		{2598A4F7-EDBF-490A-880C-B23AB039A02B}.Release|Any CPU.ActiveCfg = Release|Any CPU
		{2598A4F7-EDBF-490A-880C-B23AB039A02B}.Release|Any CPU.Build.0 = Release|Any CPU
		{8FDCD9F4-202C-44D7-A30E-AA29F236B5C8}.Debug|Any CPU.ActiveCfg = Debug|Any CPU
		{8FDCD9F4-202C-44D7-A30E-AA29F236B5C8}.Debug|Any CPU.Build.0 = Debug|Any CPU
		{8FDCD9F4-202C-44D7-A30E-AA29F236B5C8}.Release|Any CPU.ActiveCfg = Release|Any CPU
		{8FDCD9F4-202C-44D7-A30E-AA29F236B5C8}.Release|Any CPU.Build.0 = Release|Any CPU
		{C98BF841-B0AB-420C-82AC-51A95A296CE2}.Debug|Any CPU.ActiveCfg = Debug|Any CPU
		{C98BF841-B0AB-420C-82AC-51A95A296CE2}.Debug|Any CPU.Build.0 = Debug|Any CPU
		{C98BF841-B0AB-420C-82AC-51A95A296CE2}.Release|Any CPU.ActiveCfg = Release|Any CPU
		{C98BF841-B0AB-420C-82AC-51A95A296CE2}.Release|Any CPU.Build.0 = Release|Any CPU
		{998EDE66-97AA-4720-92B5-52B597F41A62}.Debug|Any CPU.ActiveCfg = Debug|Any CPU
		{998EDE66-97AA-4720-92B5-52B597F41A62}.Debug|Any CPU.Build.0 = Debug|Any CPU
		{998EDE66-97AA-4720-92B5-52B597F41A62}.Release|Any CPU.ActiveCfg = Release|Any CPU
		{998EDE66-97AA-4720-92B5-52B597F41A62}.Release|Any CPU.Build.0 = Release|Any CPU
		{F8C12520-1D6C-4FB9-B8EC-50FB85E0C237}.Debug|Any CPU.ActiveCfg = Debug|Any CPU
		{F8C12520-1D6C-4FB9-B8EC-50FB85E0C237}.Debug|Any CPU.Build.0 = Debug|Any CPU
		{F8C12520-1D6C-4FB9-B8EC-50FB85E0C237}.Release|Any CPU.ActiveCfg = Release|Any CPU
		{F8C12520-1D6C-4FB9-B8EC-50FB85E0C237}.Release|Any CPU.Build.0 = Release|Any CPU
		{95153673-F349-44E2-BC0C-8B55B481CC6E}.Debug|Any CPU.ActiveCfg = Debug|Any CPU
		{95153673-F349-44E2-BC0C-8B55B481CC6E}.Debug|Any CPU.Build.0 = Debug|Any CPU
		{95153673-F349-44E2-BC0C-8B55B481CC6E}.Release|Any CPU.ActiveCfg = Release|Any CPU
		{95153673-F349-44E2-BC0C-8B55B481CC6E}.Release|Any CPU.Build.0 = Release|Any CPU
		{836C15E4-02A3-4AF4-92F8-52AA675067D0}.Debug|Any CPU.ActiveCfg = Debug|Any CPU
		{836C15E4-02A3-4AF4-92F8-52AA675067D0}.Debug|Any CPU.Build.0 = Debug|Any CPU
		{836C15E4-02A3-4AF4-92F8-52AA675067D0}.Release|Any CPU.ActiveCfg = Release|Any CPU
		{836C15E4-02A3-4AF4-92F8-52AA675067D0}.Release|Any CPU.Build.0 = Release|Any CPU
		{10F6B79A-3B31-44F6-B486-6353B7067575}.Debug|Any CPU.ActiveCfg = Debug|Any CPU
		{10F6B79A-3B31-44F6-B486-6353B7067575}.Debug|Any CPU.Build.0 = Debug|Any CPU
		{10F6B79A-3B31-44F6-B486-6353B7067575}.Release|Any CPU.ActiveCfg = Release|Any CPU
		{10F6B79A-3B31-44F6-B486-6353B7067575}.Release|Any CPU.Build.0 = Release|Any CPU
		{AF7A6FB3-704C-4F26-8A13-4434A5E01138}.Debug|Any CPU.ActiveCfg = Debug|Any CPU
		{AF7A6FB3-704C-4F26-8A13-4434A5E01138}.Debug|Any CPU.Build.0 = Debug|Any CPU
		{AF7A6FB3-704C-4F26-8A13-4434A5E01138}.Release|Any CPU.ActiveCfg = Release|Any CPU
		{AF7A6FB3-704C-4F26-8A13-4434A5E01138}.Release|Any CPU.Build.0 = Release|Any CPU
		{5B3B50BC-B1B3-465F-9AA1-F1CCD91273B8}.Debug|Any CPU.ActiveCfg = Debug|Any CPU
		{5B3B50BC-B1B3-465F-9AA1-F1CCD91273B8}.Debug|Any CPU.Build.0 = Debug|Any CPU
		{5B3B50BC-B1B3-465F-9AA1-F1CCD91273B8}.Release|Any CPU.ActiveCfg = Release|Any CPU
		{5B3B50BC-B1B3-465F-9AA1-F1CCD91273B8}.Release|Any CPU.Build.0 = Release|Any CPU
		{56E060BF-073C-480A-8E39-A4C60C802E4B}.Debug|Any CPU.ActiveCfg = Debug|Any CPU
		{56E060BF-073C-480A-8E39-A4C60C802E4B}.Debug|Any CPU.Build.0 = Debug|Any CPU
		{56E060BF-073C-480A-8E39-A4C60C802E4B}.Release|Any CPU.ActiveCfg = Release|Any CPU
		{56E060BF-073C-480A-8E39-A4C60C802E4B}.Release|Any CPU.Build.0 = Release|Any CPU
	EndGlobalSection
	GlobalSection(SolutionProperties) = preSolution
		HideSolutionNode = FALSE
	EndGlobalSection
	GlobalSection(ExtensibilityGlobals) = postSolution
		SolutionGuid = {E929EF6E-D13F-4D09-B74B-BEC4664E4F3F}
	EndGlobalSection
EndGlobal
