
Microsoft Visual Studio Solution File, Format Version 12.00
# Visual Studio Version 16
VisualStudioVersion = 16.0.30204.135
MinimumVisualStudioVersion = 10.0.40219.1
Project("{FAE04EC0-301F-11D3-BF4B-00C04F79EFBC}") = "Chinese vrijwilliger kiezer", "Chinese vrijwilliger kiezer.csproj", "{FDA133DB-FAA8-4C4F-A9B1-0A002727675D}"
EndProject
Global
	GlobalSection(SolutionConfigurationPlatforms) = preSolution
		Debug|Any CPU = Debug|Any CPU
		Release|Any CPU = Release|Any CPU
	EndGlobalSection
	GlobalSection(ProjectConfigurationPlatforms) = postSolution
		{FDA133DB-FAA8-4C4F-A9B1-0A002727675D}.Debug|Any CPU.ActiveCfg = Debug|Any CPU
		{FDA133DB-FAA8-4C4F-A9B1-0A002727675D}.Debug|Any CPU.Build.0 = Debug|Any CPU
		{FDA133DB-FAA8-4C4F-A9B1-0A002727675D}.Release|Any CPU.ActiveCfg = Release|Any CPU
		{FDA133DB-FAA8-4C4F-A9B1-0A002727675D}.Release|Any CPU.Build.0 = Release|Any CPU
	EndGlobalSection
	GlobalSection(SolutionProperties) = preSolution
		HideSolutionNode = FALSE
	EndGlobalSection
	GlobalSection(ExtensibilityGlobals) = postSolution
		SolutionGuid = {48616739-252C-465A-8F51-8582C47A33C1}
	EndGlobalSection
EndGlobal
