
Microsoft Visual Studio Solution File, Format Version 12.00
# Visual Studio Version 16
VisualStudioVersion = 16.0.30204.135
MinimumVisualStudioVersion = 10.0.40219.1
Project("{FAE04EC0-301F-11D3-BF4B-00C04F79EFBC}") = "Oef01", "Oef01\Oef01.csproj", "{AFBFDAB3-A581-4FAC-8555-2CF9B15E7147}"
EndProject
Project("{FAE04EC0-301F-11D3-BF4B-00C04F79EFBC}") = "Oef02", "Oef02\Oef02.csproj", "{04CF56D4-BEA4-43C9-936C-1A33F1D5F44B}"
EndProject
Project("{FAE04EC0-301F-11D3-BF4B-00C04F79EFBC}") = "Oef03", "Oef03\Oef03.csproj", "{534B5332-A676-490D-9558-ADD88D8A5E53}"
EndProject
Project("{FAE04EC0-301F-11D3-BF4B-00C04F79EFBC}") = "Oef04", "Oef04\Oef04.csproj", "{21F14F68-D7EB-40E7-83CD-76C55ADCE704}"
EndProject
Project("{FAE04EC0-301F-11D3-BF4B-00C04F79EFBC}") = "Oef05", "Oef05\Oef05.csproj", "{A1DAD6DD-DDD3-4126-A152-AC7B220E9FD1}"
EndProject
Project("{FAE04EC0-301F-11D3-BF4B-00C04F79EFBC}") = "Oef06", "Oef06\Oef06.csproj", "{4765B7DB-9BE9-4FAB-A1D1-87BCE1585E0C}"
EndProject
Project("{FAE04EC0-301F-11D3-BF4B-00C04F79EFBC}") = "Oef07", "Oef07\Oef07.csproj", "{4F497193-74A6-494D-99BD-B456CDC0AA16}"
EndProject
Project("{FAE04EC0-301F-11D3-BF4B-00C04F79EFBC}") = "Oef08", "Oef08\Oef08.csproj", "{B01A6A5C-4AF4-45A7-B506-40D1D6E34AEE}"
EndProject
Project("{FAE04EC0-301F-11D3-BF4B-00C04F79EFBC}") = "Reeks2 Oef01", "Reeks2 Oef01\Reeks2 Oef01.csproj", "{D9943DEF-3E6B-4ABA-A6C1-52BBD7F206C0}"
EndProject
Project("{FAE04EC0-301F-11D3-BF4B-00C04F79EFBC}") = "Reeks2 Oef02", "Reeks2 Oef02\Reeks2 Oef02.csproj", "{5EB8099C-2783-4A1A-9FBA-A065A2670B2C}"
EndProject
Project("{FAE04EC0-301F-11D3-BF4B-00C04F79EFBC}") = "Reeks2 Oef03", "Reeks2 Oef03\Reeks2 Oef03.csproj", "{45FE37CD-0F1F-4904-9ED7-50B5F4CE3096}"
EndProject
Project("{FAE04EC0-301F-11D3-BF4B-00C04F79EFBC}") = "Reeks2 Oef04", "Reeks2 Oef04\Reeks2 Oef04.csproj", "{5F21DCC1-2453-4194-843F-72F6E202AAE1}"
EndProject
Project("{FAE04EC0-301F-11D3-BF4B-00C04F79EFBC}") = "Reeks2 Oef05", "Reeks2 Oef05\Reeks2 Oef05.csproj", "{F5E629F8-5927-4E75-B4CA-F7E3BB9C0B62}"
EndProject
Project("{FAE04EC0-301F-11D3-BF4B-00C04F79EFBC}") = "Reeks2 Oef06", "Reeks2 Oef06\Reeks2 Oef06.csproj", "{7F8CC546-173E-4452-9287-02594E813A40}"
EndProject
Project("{FAE04EC0-301F-11D3-BF4B-00C04F79EFBC}") = "Reeks2 Oef07", "Reeks2 Oef07\Reeks2 Oef07.csproj", "{E7039B21-948C-4286-B2BF-2ED7F515D5B4}"
EndProject
Project("{FAE04EC0-301F-11D3-BF4B-00C04F79EFBC}") = "Reeks2 Oef08", "Reeks2 Oef08\Reeks2 Oef08.csproj", "{CF0CF2A8-32DB-4D3A-8DD6-21DDB9E14333}"
EndProject
Project("{FAE04EC0-301F-11D3-BF4B-00C04F79EFBC}") = "Reeks2 Oef09", "Reeks2 Oef09\Reeks2 Oef09.csproj", "{51824D6D-1259-4703-9F89-A7B1022A4CB5}"
EndProject
Project("{FAE04EC0-301F-11D3-BF4B-00C04F79EFBC}") = "Reeks2 Oef10", "Reeks2 Oef10\Reeks2 Oef10.csproj", "{5967BCED-CDA0-4CD1-BB04-521E6D048733}"
EndProject
Project("{FAE04EC0-301F-11D3-BF4B-00C04F79EFBC}") = "Reeks2 Oef11", "Reeks2 Oef11\Reeks2 Oef11.csproj", "{A786B3FD-34D4-4E4C-B634-03E3107477E5}"
EndProject
Project("{FAE04EC0-301F-11D3-BF4B-00C04F79EFBC}") = "Reeks2 Oef12", "Reeks2 Oef012\Reeks2 Oef12.csproj", "{7E46D4B8-5510-45B1-824B-8C1C244474F0}"
EndProject
Project("{FAE04EC0-301F-11D3-BF4B-00C04F79EFBC}") = "Reeks2 Oef13", "Reeks2 Oef13\Reeks2 Oef13.csproj", "{EAE25635-4A1E-4E27-9BFA-5C17CB704D4A}"
EndProject
Project("{FAE04EC0-301F-11D3-BF4B-00C04F79EFBC}") = "Reeks2 Oef14", "Reeks2 Oef14\Reeks2 Oef14.csproj", "{5E4B85B4-62F2-4E92-8CB2-58ACE6B057F8}"
EndProject
Project("{FAE04EC0-301F-11D3-BF4B-00C04F79EFBC}") = "Reeks2 Oef15", "Reeks2 Oef15\Reeks2 Oef15.csproj", "{DF605C96-B8C4-4989-BD7F-8F2A78937206}"
EndProject
Project("{FAE04EC0-301F-11D3-BF4B-00C04F79EFBC}") = "Reek2 Oef16", "Reek2 Oef16\Reek2 Oef16.csproj", "{E17FE951-FB7C-4606-8AD7-B1313ABC430D}"
EndProject
Global
	GlobalSection(SolutionConfigurationPlatforms) = preSolution
		Debug|Any CPU = Debug|Any CPU
		Release|Any CPU = Release|Any CPU
	EndGlobalSection
	GlobalSection(ProjectConfigurationPlatforms) = postSolution
		{AFBFDAB3-A581-4FAC-8555-2CF9B15E7147}.Debug|Any CPU.ActiveCfg = Debug|Any CPU
		{AFBFDAB3-A581-4FAC-8555-2CF9B15E7147}.Debug|Any CPU.Build.0 = Debug|Any CPU
		{AFBFDAB3-A581-4FAC-8555-2CF9B15E7147}.Release|Any CPU.ActiveCfg = Release|Any CPU
		{AFBFDAB3-A581-4FAC-8555-2CF9B15E7147}.Release|Any CPU.Build.0 = Release|Any CPU
		{04CF56D4-BEA4-43C9-936C-1A33F1D5F44B}.Debug|Any CPU.ActiveCfg = Debug|Any CPU
		{04CF56D4-BEA4-43C9-936C-1A33F1D5F44B}.Debug|Any CPU.Build.0 = Debug|Any CPU
		{04CF56D4-BEA4-43C9-936C-1A33F1D5F44B}.Release|Any CPU.ActiveCfg = Release|Any CPU
		{04CF56D4-BEA4-43C9-936C-1A33F1D5F44B}.Release|Any CPU.Build.0 = Release|Any CPU
		{534B5332-A676-490D-9558-ADD88D8A5E53}.Debug|Any CPU.ActiveCfg = Debug|Any CPU
		{534B5332-A676-490D-9558-ADD88D8A5E53}.Debug|Any CPU.Build.0 = Debug|Any CPU
		{534B5332-A676-490D-9558-ADD88D8A5E53}.Release|Any CPU.ActiveCfg = Release|Any CPU
		{534B5332-A676-490D-9558-ADD88D8A5E53}.Release|Any CPU.Build.0 = Release|Any CPU
		{21F14F68-D7EB-40E7-83CD-76C55ADCE704}.Debug|Any CPU.ActiveCfg = Debug|Any CPU
		{21F14F68-D7EB-40E7-83CD-76C55ADCE704}.Debug|Any CPU.Build.0 = Debug|Any CPU
		{21F14F68-D7EB-40E7-83CD-76C55ADCE704}.Release|Any CPU.ActiveCfg = Release|Any CPU
		{21F14F68-D7EB-40E7-83CD-76C55ADCE704}.Release|Any CPU.Build.0 = Release|Any CPU
		{A1DAD6DD-DDD3-4126-A152-AC7B220E9FD1}.Debug|Any CPU.ActiveCfg = Debug|Any CPU
		{A1DAD6DD-DDD3-4126-A152-AC7B220E9FD1}.Debug|Any CPU.Build.0 = Debug|Any CPU
		{A1DAD6DD-DDD3-4126-A152-AC7B220E9FD1}.Release|Any CPU.ActiveCfg = Release|Any CPU
		{A1DAD6DD-DDD3-4126-A152-AC7B220E9FD1}.Release|Any CPU.Build.0 = Release|Any CPU
		{4765B7DB-9BE9-4FAB-A1D1-87BCE1585E0C}.Debug|Any CPU.ActiveCfg = Debug|Any CPU
		{4765B7DB-9BE9-4FAB-A1D1-87BCE1585E0C}.Debug|Any CPU.Build.0 = Debug|Any CPU
		{4765B7DB-9BE9-4FAB-A1D1-87BCE1585E0C}.Release|Any CPU.ActiveCfg = Release|Any CPU
		{4765B7DB-9BE9-4FAB-A1D1-87BCE1585E0C}.Release|Any CPU.Build.0 = Release|Any CPU
		{4F497193-74A6-494D-99BD-B456CDC0AA16}.Debug|Any CPU.ActiveCfg = Debug|Any CPU
		{4F497193-74A6-494D-99BD-B456CDC0AA16}.Debug|Any CPU.Build.0 = Debug|Any CPU
		{4F497193-74A6-494D-99BD-B456CDC0AA16}.Release|Any CPU.ActiveCfg = Release|Any CPU
		{4F497193-74A6-494D-99BD-B456CDC0AA16}.Release|Any CPU.Build.0 = Release|Any CPU
		{B01A6A5C-4AF4-45A7-B506-40D1D6E34AEE}.Debug|Any CPU.ActiveCfg = Debug|Any CPU
		{B01A6A5C-4AF4-45A7-B506-40D1D6E34AEE}.Debug|Any CPU.Build.0 = Debug|Any CPU
		{B01A6A5C-4AF4-45A7-B506-40D1D6E34AEE}.Release|Any CPU.ActiveCfg = Release|Any CPU
		{B01A6A5C-4AF4-45A7-B506-40D1D6E34AEE}.Release|Any CPU.Build.0 = Release|Any CPU
		{D9943DEF-3E6B-4ABA-A6C1-52BBD7F206C0}.Debug|Any CPU.ActiveCfg = Debug|Any CPU
		{D9943DEF-3E6B-4ABA-A6C1-52BBD7F206C0}.Debug|Any CPU.Build.0 = Debug|Any CPU
		{D9943DEF-3E6B-4ABA-A6C1-52BBD7F206C0}.Release|Any CPU.ActiveCfg = Release|Any CPU
		{D9943DEF-3E6B-4ABA-A6C1-52BBD7F206C0}.Release|Any CPU.Build.0 = Release|Any CPU
		{5EB8099C-2783-4A1A-9FBA-A065A2670B2C}.Debug|Any CPU.ActiveCfg = Debug|Any CPU
		{5EB8099C-2783-4A1A-9FBA-A065A2670B2C}.Debug|Any CPU.Build.0 = Debug|Any CPU
		{5EB8099C-2783-4A1A-9FBA-A065A2670B2C}.Release|Any CPU.ActiveCfg = Release|Any CPU
		{5EB8099C-2783-4A1A-9FBA-A065A2670B2C}.Release|Any CPU.Build.0 = Release|Any CPU
		{45FE37CD-0F1F-4904-9ED7-50B5F4CE3096}.Debug|Any CPU.ActiveCfg = Debug|Any CPU
		{45FE37CD-0F1F-4904-9ED7-50B5F4CE3096}.Debug|Any CPU.Build.0 = Debug|Any CPU
		{45FE37CD-0F1F-4904-9ED7-50B5F4CE3096}.Release|Any CPU.ActiveCfg = Release|Any CPU
		{45FE37CD-0F1F-4904-9ED7-50B5F4CE3096}.Release|Any CPU.Build.0 = Release|Any CPU
		{5F21DCC1-2453-4194-843F-72F6E202AAE1}.Debug|Any CPU.ActiveCfg = Debug|Any CPU
		{5F21DCC1-2453-4194-843F-72F6E202AAE1}.Debug|Any CPU.Build.0 = Debug|Any CPU
		{5F21DCC1-2453-4194-843F-72F6E202AAE1}.Release|Any CPU.ActiveCfg = Release|Any CPU
		{5F21DCC1-2453-4194-843F-72F6E202AAE1}.Release|Any CPU.Build.0 = Release|Any CPU
		{F5E629F8-5927-4E75-B4CA-F7E3BB9C0B62}.Debug|Any CPU.ActiveCfg = Debug|Any CPU
		{F5E629F8-5927-4E75-B4CA-F7E3BB9C0B62}.Debug|Any CPU.Build.0 = Debug|Any CPU
		{F5E629F8-5927-4E75-B4CA-F7E3BB9C0B62}.Release|Any CPU.ActiveCfg = Release|Any CPU
		{F5E629F8-5927-4E75-B4CA-F7E3BB9C0B62}.Release|Any CPU.Build.0 = Release|Any CPU
		{7F8CC546-173E-4452-9287-02594E813A40}.Debug|Any CPU.ActiveCfg = Debug|Any CPU
		{7F8CC546-173E-4452-9287-02594E813A40}.Debug|Any CPU.Build.0 = Debug|Any CPU
		{7F8CC546-173E-4452-9287-02594E813A40}.Release|Any CPU.ActiveCfg = Release|Any CPU
		{7F8CC546-173E-4452-9287-02594E813A40}.Release|Any CPU.Build.0 = Release|Any CPU
		{E7039B21-948C-4286-B2BF-2ED7F515D5B4}.Debug|Any CPU.ActiveCfg = Debug|Any CPU
		{E7039B21-948C-4286-B2BF-2ED7F515D5B4}.Debug|Any CPU.Build.0 = Debug|Any CPU
		{E7039B21-948C-4286-B2BF-2ED7F515D5B4}.Release|Any CPU.ActiveCfg = Release|Any CPU
		{E7039B21-948C-4286-B2BF-2ED7F515D5B4}.Release|Any CPU.Build.0 = Release|Any CPU
		{CF0CF2A8-32DB-4D3A-8DD6-21DDB9E14333}.Debug|Any CPU.ActiveCfg = Debug|Any CPU
		{CF0CF2A8-32DB-4D3A-8DD6-21DDB9E14333}.Debug|Any CPU.Build.0 = Debug|Any CPU
		{CF0CF2A8-32DB-4D3A-8DD6-21DDB9E14333}.Release|Any CPU.ActiveCfg = Release|Any CPU
		{CF0CF2A8-32DB-4D3A-8DD6-21DDB9E14333}.Release|Any CPU.Build.0 = Release|Any CPU
		{51824D6D-1259-4703-9F89-A7B1022A4CB5}.Debug|Any CPU.ActiveCfg = Debug|Any CPU
		{51824D6D-1259-4703-9F89-A7B1022A4CB5}.Debug|Any CPU.Build.0 = Debug|Any CPU
		{51824D6D-1259-4703-9F89-A7B1022A4CB5}.Release|Any CPU.ActiveCfg = Release|Any CPU
		{51824D6D-1259-4703-9F89-A7B1022A4CB5}.Release|Any CPU.Build.0 = Release|Any CPU
		{5967BCED-CDA0-4CD1-BB04-521E6D048733}.Debug|Any CPU.ActiveCfg = Debug|Any CPU
		{5967BCED-CDA0-4CD1-BB04-521E6D048733}.Debug|Any CPU.Build.0 = Debug|Any CPU
		{5967BCED-CDA0-4CD1-BB04-521E6D048733}.Release|Any CPU.ActiveCfg = Release|Any CPU
		{5967BCED-CDA0-4CD1-BB04-521E6D048733}.Release|Any CPU.Build.0 = Release|Any CPU
		{A786B3FD-34D4-4E4C-B634-03E3107477E5}.Debug|Any CPU.ActiveCfg = Debug|Any CPU
		{A786B3FD-34D4-4E4C-B634-03E3107477E5}.Debug|Any CPU.Build.0 = Debug|Any CPU
		{A786B3FD-34D4-4E4C-B634-03E3107477E5}.Release|Any CPU.ActiveCfg = Release|Any CPU
		{A786B3FD-34D4-4E4C-B634-03E3107477E5}.Release|Any CPU.Build.0 = Release|Any CPU
		{7E46D4B8-5510-45B1-824B-8C1C244474F0}.Debug|Any CPU.ActiveCfg = Debug|Any CPU
		{7E46D4B8-5510-45B1-824B-8C1C244474F0}.Debug|Any CPU.Build.0 = Debug|Any CPU
		{7E46D4B8-5510-45B1-824B-8C1C244474F0}.Release|Any CPU.ActiveCfg = Release|Any CPU
		{7E46D4B8-5510-45B1-824B-8C1C244474F0}.Release|Any CPU.Build.0 = Release|Any CPU
		{EAE25635-4A1E-4E27-9BFA-5C17CB704D4A}.Debug|Any CPU.ActiveCfg = Debug|Any CPU
		{EAE25635-4A1E-4E27-9BFA-5C17CB704D4A}.Debug|Any CPU.Build.0 = Debug|Any CPU
		{EAE25635-4A1E-4E27-9BFA-5C17CB704D4A}.Release|Any CPU.ActiveCfg = Release|Any CPU
		{EAE25635-4A1E-4E27-9BFA-5C17CB704D4A}.Release|Any CPU.Build.0 = Release|Any CPU
		{5E4B85B4-62F2-4E92-8CB2-58ACE6B057F8}.Debug|Any CPU.ActiveCfg = Debug|Any CPU
		{5E4B85B4-62F2-4E92-8CB2-58ACE6B057F8}.Debug|Any CPU.Build.0 = Debug|Any CPU
		{5E4B85B4-62F2-4E92-8CB2-58ACE6B057F8}.Release|Any CPU.ActiveCfg = Release|Any CPU
		{5E4B85B4-62F2-4E92-8CB2-58ACE6B057F8}.Release|Any CPU.Build.0 = Release|Any CPU
		{DF605C96-B8C4-4989-BD7F-8F2A78937206}.Debug|Any CPU.ActiveCfg = Debug|Any CPU
		{DF605C96-B8C4-4989-BD7F-8F2A78937206}.Debug|Any CPU.Build.0 = Debug|Any CPU
		{DF605C96-B8C4-4989-BD7F-8F2A78937206}.Release|Any CPU.ActiveCfg = Release|Any CPU
		{DF605C96-B8C4-4989-BD7F-8F2A78937206}.Release|Any CPU.Build.0 = Release|Any CPU
		{E17FE951-FB7C-4606-8AD7-B1313ABC430D}.Debug|Any CPU.ActiveCfg = Debug|Any CPU
		{E17FE951-FB7C-4606-8AD7-B1313ABC430D}.Debug|Any CPU.Build.0 = Debug|Any CPU
		{E17FE951-FB7C-4606-8AD7-B1313ABC430D}.Release|Any CPU.ActiveCfg = Release|Any CPU
		{E17FE951-FB7C-4606-8AD7-B1313ABC430D}.Release|Any CPU.Build.0 = Release|Any CPU
	EndGlobalSection
	GlobalSection(SolutionProperties) = preSolution
		HideSolutionNode = FALSE
	EndGlobalSection
	GlobalSection(ExtensibilityGlobals) = postSolution
		SolutionGuid = {D9297266-6290-449D-A78B-8EBBB2F43923}
	EndGlobalSection
EndGlobal
